// !$*UTF8*$!
{
	archiveVersion = 1;
	classes = {
	};
	objectVersion = 56;
	objects = {

/* Begin PBXBuildFile section */
		EFD5FFAA2BFC7E6A0013B2DA /* SwiftUIToolTipDemoApp.swift in Sources */ = {isa = PBXBuildFile; fileRef = EFD5FFA92BFC7E6A0013B2DA /* SwiftUIToolTipDemoApp.swift */; };
		EFD5FFAC2BFC7E6A0013B2DA /* ContentView.swift in Sources */ = {isa = PBXBuildFile; fileRef = EFD5FFAB2BFC7E6A0013B2DA /* ContentView.swift */; };
		EFD5FFAE2BFC7E6C0013B2DA /* Assets.xcassets in Resources */ = {isa = PBXBuildFile; fileRef = EFD5FFAD2BFC7E6C0013B2DA /* Assets.xcassets */; };
		EFD5FFB12BFC7E6C0013B2DA /* Preview Assets.xcassets in Resources */ = {isa = PBXBuildFile; fileRef = EFD5FFB02BFC7E6C0013B2DA /* Preview Assets.xcassets */; };
		EFD5FFBB2BFC7E6C0013B2DA /* SwiftUIToolTipDemoTests.swift in Sources */ = {isa = PBXBuildFile; fileRef = EFD5FFBA2BFC7E6C0013B2DA /* SwiftUIToolTipDemoTests.swift */; };
		EFD5FFC52BFC7E6C0013B2DA /* SwiftUIToolTipDemoUITests.swift in Sources */ = {isa = PBXBuildFile; fileRef = EFD5FFC42BFC7E6C0013B2DA /* SwiftUIToolTipDemoUITests.swift */; };
		EFD5FFC72BFC7E6C0013B2DA /* SwiftUIToolTipDemoUITestsLaunchTests.swift in Sources */ = {isa = PBXBuildFile; fileRef = EFD5FFC62BFC7E6C0013B2DA /* SwiftUIToolTipDemoUITestsLaunchTests.swift */; };
/* End PBXBuildFile section */

/* Begin PBXContainerItemProxy section */
		EFD5FFB72BFC7E6C0013B2DA /* PBXContainerItemProxy */ = {
			isa = PBXContainerItemProxy;
			containerPortal = EFD5FF9E2BFC7E6A0013B2DA /* Project object */;
			proxyType = 1;
			remoteGlobalIDString = EFD5FFA52BFC7E6A0013B2DA;
			remoteInfo = SwiftUIToolTipDemo;
		};
		EFD5FFC12BFC7E6C0013B2DA /* PBXContainerItemProxy */ = {
			isa = PBXContainerItemProxy;
			containerPortal = EFD5FF9E2BFC7E6A0013B2DA /* Project object */;
			proxyType = 1;
			remoteGlobalIDString = EFD5FFA52BFC7E6A0013B2DA;
			remoteInfo = SwiftUIToolTipDemo;
		};
/* End PBXContainerItemProxy section */

/* Begin PBXFileReference section */
		EFD5FFA62BFC7E6A0013B2DA /* SwiftUIToolTipDemo.app */ = {isa = PBXFileReference; explicitFileType = wrapper.application; includeInIndex = 0; path = SwiftUIToolTipDemo.app; sourceTree = BUILT_PRODUCTS_DIR; };
		EFD5FFA92BFC7E6A0013B2DA /* SwiftUIToolTipDemoApp.swift */ = {isa = PBXFileReference; lastKnownFileType = sourcecode.swift; path = SwiftUIToolTipDemoApp.swift; sourceTree = "<group>"; };
		EFD5FFAB2BFC7E6A0013B2DA /* ContentView.swift */ = {isa = PBXFileReference; lastKnownFileType = sourcecode.swift; path = ContentView.swift; sourceTree = "<group>"; };
		EFD5FFAD2BFC7E6C0013B2DA /* Assets.xcassets */ = {isa = PBXFileReference; lastKnownFileType = folder.assetcatalog; path = Assets.xcassets; sourceTree = "<group>"; };
		EFD5FFB02BFC7E6C0013B2DA /* Preview Assets.xcassets */ = {isa = PBXFileReference; lastKnownFileType = folder.assetcatalog; path = "Preview Assets.xcassets"; sourceTree = "<group>"; };
		EFD5FFB62BFC7E6C0013B2DA /* SwiftUIToolTipDemoTests.xctest */ = {isa = PBXFileReference; explicitFileType = wrapper.cfbundle; includeInIndex = 0; path = SwiftUIToolTipDemoTests.xctest; sourceTree = BUILT_PRODUCTS_DIR; };
		EFD5FFBA2BFC7E6C0013B2DA /* SwiftUIToolTipDemoTests.swift */ = {isa = PBXFileReference; lastKnownFileType = sourcecode.swift; path = SwiftUIToolTipDemoTests.swift; sourceTree = "<group>"; };
		EFD5FFC02BFC7E6C0013B2DA /* SwiftUIToolTipDemoUITests.xctest */ = {isa = PBXFileReference; explicitFileType = wrapper.cfbundle; includeInIndex = 0; path = SwiftUIToolTipDemoUITests.xctest; sourceTree = BUILT_PRODUCTS_DIR; };
		EFD5FFC42BFC7E6C0013B2DA /* SwiftUIToolTipDemoUITests.swift */ = {isa = PBXFileReference; lastKnownFileType = sourcecode.swift; path = SwiftUIToolTipDemoUITests.swift; sourceTree = "<group>"; };
		EFD5FFC62BFC7E6C0013B2DA /* SwiftUIToolTipDemoUITestsLaunchTests.swift */ = {isa = PBXFileReference; lastKnownFileType = sourcecode.swift; path = SwiftUIToolTipDemoUITestsLaunchTests.swift; sourceTree = "<group>"; };
/* End PBXFileReference section */

/* Begin PBXFrameworksBuildPhase section */
		EFD5FFA32BFC7E6A0013B2DA /* Frameworks */ = {
			isa = PBXFrameworksBuildPhase;
			buildActionMask = 2147483647;
			files = (
			);
			runOnlyForDeploymentPostprocessing = 0;
		};
		EFD5FFB32BFC7E6C0013B2DA /* Frameworks */ = {
			isa = PBXFrameworksBuildPhase;
			buildActionMask = 2147483647;
			files = (
			);
			runOnlyForDeploymentPostprocessing = 0;
		};
		EFD5FFBD2BFC7E6C0013B2DA /* Frameworks */ = {
			isa = PBXFrameworksBuildPhase;
			buildActionMask = 2147483647;
			files = (
			);
			runOnlyForDeploymentPostprocessing = 0;
		};
/* End PBXFrameworksBuildPhase section */

/* Begin PBXGroup section */
		EFD5FF9D2BFC7E6A0013B2DA = {
			isa = PBXGroup;
			children = (
				EFD5FFA82BFC7E6A0013B2DA /* SwiftUIToolTipDemo */,
				EFD5FFB92BFC7E6C0013B2DA /* SwiftUIToolTipDemoTests */,
				EFD5FFC32BFC7E6C0013B2DA /* SwiftUIToolTipDemoUITests */,
				EFD5FFA72BFC7E6A0013B2DA /* Products */,
			);
			sourceTree = "<group>";
		};
		EFD5FFA72BFC7E6A0013B2DA /* Products */ = {
			isa = PBXGroup;
			children = (
				EFD5FFA62BFC7E6A0013B2DA /* SwiftUIToolTipDemo.app */,
				EFD5FFB62BFC7E6C0013B2DA /* SwiftUIToolTipDemoTests.xctest */,
				EFD5FFC02BFC7E6C0013B2DA /* SwiftUIToolTipDemoUITests.xctest */,
			);
			name = Products;
			sourceTree = "<group>";
		};
		EFD5FFA82BFC7E6A0013B2DA /* SwiftUIToolTipDemo */ = {
			isa = PBXGroup;
			children = (
				EFD5FFA92BFC7E6A0013B2DA /* SwiftUIToolTipDemoApp.swift */,
				EFD5FFAB2BFC7E6A0013B2DA /* ContentView.swift */,
				EFD5FFAD2BFC7E6C0013B2DA /* Assets.xcassets */,
				EFD5FFAF2BFC7E6C0013B2DA /* Preview Content */,
			);
			path = SwiftUIToolTipDemo;
			sourceTree = "<group>";
		};
		EFD5FFAF2BFC7E6C0013B2DA /* Preview Content */ = {
			isa = PBXGroup;
			children = (
				EFD5FFB02BFC7E6C0013B2DA /* Preview Assets.xcassets */,
			);
			path = "Preview Content";
			sourceTree = "<group>";
		};
		EFD5FFB92BFC7E6C0013B2DA /* SwiftUIToolTipDemoTests */ = {
			isa = PBXGroup;
			children = (
				EFD5FFBA2BFC7E6C0013B2DA /* SwiftUIToolTipDemoTests.swift */,
			);
			path = SwiftUIToolTipDemoTests;
			sourceTree = "<group>";
		};
		EFD5FFC32BFC7E6C0013B2DA /* SwiftUIToolTipDemoUITests */ = {
			isa = PBXGroup;
			children = (
				EFD5FFC42BFC7E6C0013B2DA /* SwiftUIToolTipDemoUITests.swift */,
				EFD5FFC62BFC7E6C0013B2DA /* SwiftUIToolTipDemoUITestsLaunchTests.swift */,
			);
			path = SwiftUIToolTipDemoUITests;
			sourceTree = "<group>";
		};
/* End PBXGroup section */

/* Begin PBXNativeTarget section */
		EFD5FFA52BFC7E6A0013B2DA /* SwiftUIToolTipDemo */ = {
			isa = PBXNativeTarget;
			buildConfigurationList = EFD5FFCA2BFC7E6C0013B2DA /* Build configuration list for PBXNativeTarget "SwiftUIToolTipDemo" */;
			buildPhases = (
				EFD5FFA22BFC7E6A0013B2DA /* Sources */,
				EFD5FFA32BFC7E6A0013B2DA /* Frameworks */,
				EFD5FFA42BFC7E6A0013B2DA /* Resources */,
			);
			buildRules = (
			);
			dependencies = (
			);
			name = SwiftUIToolTipDemo;
			productName = SwiftUIToolTipDemo;
			productReference = EFD5FFA62BFC7E6A0013B2DA /* SwiftUIToolTipDemo.app */;
			productType = "com.apple.product-type.application";
		};
		EFD5FFB52BFC7E6C0013B2DA /* SwiftUIToolTipDemoTests */ = {
			isa = PBXNativeTarget;
			buildConfigurationList = EFD5FFCD2BFC7E6C0013B2DA /* Build configuration list for PBXNativeTarget "SwiftUIToolTipDemoTests" */;
			buildPhases = (
				EFD5FFB22BFC7E6C0013B2DA /* Sources */,
				EFD5FFB32BFC7E6C0013B2DA /* Frameworks */,
				EFD5FFB42BFC7E6C0013B2DA /* Resources */,
			);
			buildRules = (
			);
			dependencies = (
				EFD5FFB82BFC7E6C0013B2DA /* PBXTargetDependency */,
			);
			name = SwiftUIToolTipDemoTests;
			productName = SwiftUIToolTipDemoTests;
			productReference = EFD5FFB62BFC7E6C0013B2DA /* SwiftUIToolTipDemoTests.xctest */;
			productType = "com.apple.product-type.bundle.unit-test";
		};
		EFD5FFBF2BFC7E6C0013B2DA /* SwiftUIToolTipDemoUITests */ = {
			isa = PBXNativeTarget;
			buildConfigurationList = EFD5FFD02BFC7E6C0013B2DA /* Build configuration list for PBXNativeTarget "SwiftUIToolTipDemoUITests" */;
			buildPhases = (
				EFD5FFBC2BFC7E6C0013B2DA /* Sources */,
				EFD5FFBD2BFC7E6C0013B2DA /* Frameworks */,
				EFD5FFBE2BFC7E6C0013B2DA /* Resources */,
			);
			buildRules = (
			);
			dependencies = (
				EFD5FFC22BFC7E6C0013B2DA /* PBXTargetDependency */,
			);
			name = SwiftUIToolTipDemoUITests;
			productName = SwiftUIToolTipDemoUITests;
			productReference = EFD5FFC02BFC7E6C0013B2DA /* SwiftUIToolTipDemoUITests.xctest */;
			productType = "com.apple.product-type.bundle.ui-testing";
		};
/* End PBXNativeTarget section */

/* Begin PBXProject section */
		EFD5FF9E2BFC7E6A0013B2DA /* Project object */ = {
			isa = PBXProject;
			attributes = {
				BuildIndependentTargetsInParallel = 1;
				LastSwiftUpdateCheck = 1520;
				LastUpgradeCheck = 1520;
				TargetAttributes = {
					EFD5FFA52BFC7E6A0013B2DA = {
						CreatedOnToolsVersion = 15.2;
					};
					EFD5FFB52BFC7E6C0013B2DA = {
						CreatedOnToolsVersion = 15.2;
						TestTargetID = EFD5FFA52BFC7E6A0013B2DA;
					};
					EFD5FFBF2BFC7E6C0013B2DA = {
						CreatedOnToolsVersion = 15.2;
						TestTargetID = EFD5FFA52BFC7E6A0013B2DA;
					};
				};
			};
			buildConfigurationList = EFD5FFA12BFC7E6A0013B2DA /* Build configuration list for PBXProject "SwiftUIToolTipDemo" */;
			compatibilityVersion = "Xcode 14.0";
			developmentRegion = en;
			hasScannedForEncodings = 0;
			knownRegions = (
				en,
				Base,
			);
			mainGroup = EFD5FF9D2BFC7E6A0013B2DA;
			productRefGroup = EFD5FFA72BFC7E6A0013B2DA /* Products */;
			projectDirPath = "";
			projectRoot = "";
			targets = (
				EFD5FFA52BFC7E6A0013B2DA /* SwiftUIToolTipDemo */,
				EFD5FFB52BFC7E6C0013B2DA /* SwiftUIToolTipDemoTests */,
				EFD5FFBF2BFC7E6C0013B2DA /* SwiftUIToolTipDemoUITests */,
			);
		};
/* End PBXProject section */

/* Begin PBXResourcesBuildPhase section */
		EFD5FFA42BFC7E6A0013B2DA /* Resources */ = {
			isa = PBXResourcesBuildPhase;
			buildActionMask = 2147483647;
			files = (
				EFD5FFB12BFC7E6C0013B2DA /* Preview Assets.xcassets in Resources */,
				EFD5FFAE2BFC7E6C0013B2DA /* Assets.xcassets in Resources */,
			);
			runOnlyForDeploymentPostprocessing = 0;
		};
		EFD5FFB42BFC7E6C0013B2DA /* Resources */ = {
			isa = PBXResourcesBuildPhase;
			buildActionMask = 2147483647;
			files = (
			);
			runOnlyForDeploymentPostprocessing = 0;
		};
		EFD5FFBE2BFC7E6C0013B2DA /* Resources */ = {
			isa = PBXResourcesBuildPhase;
			buildActionMask = 2147483647;
			files = (
			);
			runOnlyForDeploymentPostprocessing = 0;
		};
/* End PBXResourcesBuildPhase section */

/* Begin PBXSourcesBuildPhase section */
		EFD5FFA22BFC7E6A0013B2DA /* Sources */ = {
			isa = PBXSourcesBuildPhase;
			buildActionMask = 2147483647;
			files = (
				EFD5FFAC2BFC7E6A0013B2DA /* ContentView.swift in Sources */,
				EFD5FFAA2BFC7E6A0013B2DA /* SwiftUIToolTipDemoApp.swift in Sources */,
			);
			runOnlyForDeploymentPostprocessing = 0;
		};
		EFD5FFB22BFC7E6C0013B2DA /* Sources */ = {
			isa = PBXSourcesBuildPhase;
			buildActionMask = 2147483647;
			files = (
				EFD5FFBB2BFC7E6C0013B2DA /* SwiftUIToolTipDemoTests.swift in Sources */,
			);
			runOnlyForDeploymentPostprocessing = 0;
		};
		EFD5FFBC2BFC7E6C0013B2DA /* Sources */ = {
			isa = PBXSourcesBuildPhase;
			buildActionMask = 2147483647;
			files = (
				EFD5FFC52BFC7E6C0013B2DA /* SwiftUIToolTipDemoUITests.swift in Sources */,
				EFD5FFC72BFC7E6C0013B2DA /* SwiftUIToolTipDemoUITestsLaunchTests.swift in Sources */,
			);
			runOnlyForDeploymentPostprocessing = 0;
		};
/* End PBXSourcesBuildPhase section */

/* Begin PBXTargetDependency section */
		EFD5FFB82BFC7E6C0013B2DA /* PBXTargetDependency */ = {
			isa = PBXTargetDependency;
			target = EFD5FFA52BFC7E6A0013B2DA /* SwiftUIToolTipDemo */;
			targetProxy = EFD5FFB72BFC7E6C0013B2DA /* PBXContainerItemProxy */;
		};
		EFD5FFC22BFC7E6C0013B2DA /* PBXTargetDependency */ = {
			isa = PBXTargetDependency;
			target = EFD5FFA52BFC7E6A0013B2DA /* SwiftUIToolTipDemo */;
			targetProxy = EFD5FFC12BFC7E6C0013B2DA /* PBXContainerItemProxy */;
		};
/* End PBXTargetDependency section */

/* Begin XCBuildConfiguration section */
		EFD5FFC82BFC7E6C0013B2DA /* Debug */ = {
			isa = XCBuildConfiguration;
			buildSettings = {
				ALWAYS_SEARCH_USER_PATHS = NO;
				ASSETCATALOG_COMPILER_GENERATE_SWIFT_ASSET_SYMBOL_EXTENSIONS = YES;
				CLANG_ANALYZER_NONNULL = YES;
				CLANG_ANALYZER_NUMBER_OBJECT_CONVERSION = YES_AGGRESSIVE;
				CLANG_CXX_LANGUAGE_STANDARD = "gnu++20";
				CLANG_ENABLE_MODULES = YES;
				CLANG_ENABLE_OBJC_ARC = YES;
				CLANG_ENABLE_OBJC_WEAK = YES;
				CLANG_WARN_BLOCK_CAPTURE_AUTORELEASING = YES;
				CLANG_WARN_BOOL_CONVERSION = YES;
				CLANG_WARN_COMMA = YES;
				CLANG_WARN_CONSTANT_CONVERSION = YES;
				CLANG_WARN_DEPRECATED_OBJC_IMPLEMENTATIONS = YES;
				CLANG_WARN_DIRECT_OBJC_ISA_USAGE = YES_ERROR;
				CLANG_WARN_DOCUMENTATION_COMMENTS = YES;
				CLANG_WARN_EMPTY_BODY = YES;
				CLANG_WARN_ENUM_CONVERSION = YES;
				CLANG_WARN_INFINITE_RECURSION = YES;
				CLANG_WARN_INT_CONVERSION = YES;
				CLANG_WARN_NON_LITERAL_NULL_CONVERSION = YES;
				CLANG_WARN_OBJC_IMPLICIT_RETAIN_SELF = YES;
				CLANG_WARN_OBJC_LITERAL_CONVERSION = YES;
				CLANG_WARN_OBJC_ROOT_CLASS = YES_ERROR;
				CLANG_WARN_QUOTED_INCLUDE_IN_FRAMEWORK_HEADER = YES;
				CLANG_WARN_RANGE_LOOP_ANALYSIS = YES;
				CLANG_WARN_STRICT_PROTOTYPES = YES;
				CLANG_WARN_SUSPICIOUS_MOVE = YES;
				CLANG_WARN_UNGUARDED_AVAILABILITY = YES_AGGRESSIVE;
				CLANG_WARN_UNREACHABLE_CODE = YES;
				CLANG_WARN__DUPLICATE_METHOD_MATCH = YES;
				COPY_PHASE_STRIP = NO;
				DEBUG_INFORMATION_FORMAT = dwarf;
				ENABLE_STRICT_OBJC_MSGSEND = YES;
				ENABLE_TESTABILITY = YES;
				ENABLE_USER_SCRIPT_SANDBOXING = YES;
				GCC_C_LANGUAGE_STANDARD = gnu17;
				GCC_DYNAMIC_NO_PIC = NO;
				GCC_NO_COMMON_BLOCKS = YES;
				GCC_OPTIMIZATION_LEVEL = 0;
				GCC_PREPROCESSOR_DEFINITIONS = (
					"DEBUG=1",
					"$(inherited)",
				);
				GCC_WARN_64_TO_32_BIT_CONVERSION = YES;
				GCC_WARN_ABOUT_RETURN_TYPE = YES_ERROR;
				GCC_WARN_UNDECLARED_SELECTOR = YES;
				GCC_WARN_UNINITIALIZED_AUTOS = YES_AGGRESSIVE;
				GCC_WARN_UNUSED_FUNCTION = YES;
				GCC_WARN_UNUSED_VARIABLE = YES;
				IPHONEOS_DEPLOYMENT_TARGET = 17.2;
				LOCALIZATION_PREFERS_STRING_CATALOGS = YES;
				MTL_ENABLE_DEBUG_INFO = INCLUDE_SOURCE;
				MTL_FAST_MATH = YES;
				ONLY_ACTIVE_ARCH = YES;
				SDKROOT = iphoneos;
				SWIFT_ACTIVE_COMPILATION_CONDITIONS = "DEBUG $(inherited)";
				SWIFT_OPTIMIZATION_LEVEL = "-Onone";
			};
			name = Debug;
		};
		EFD5FFC92BFC7E6C0013B2DA /* Release */ = {
			isa = XCBuildConfiguration;
			buildSettings = {
				ALWAYS_SEARCH_USER_PATHS = NO;
				ASSETCATALOG_COMPILER_GENERATE_SWIFT_ASSET_SYMBOL_EXTENSIONS = YES;
				CLANG_ANALYZER_NONNULL = YES;
				CLANG_ANALYZER_NUMBER_OBJECT_CONVERSION = YES_AGGRESSIVE;
				CLANG_CXX_LANGUAGE_STANDARD = "gnu++20";
				CLANG_ENABLE_MODULES = YES;
				CLANG_ENABLE_OBJC_ARC = YES;
				CLANG_ENABLE_OBJC_WEAK = YES;
				CLANG_WARN_BLOCK_CAPTURE_AUTORELEASING = YES;
				CLANG_WARN_BOOL_CONVERSION = YES;
				CLANG_WARN_COMMA = YES;
				CLANG_WARN_CONSTANT_CONVERSION = YES;
				CLANG_WARN_DEPRECATED_OBJC_IMPLEMENTATIONS = YES;
				CLANG_WARN_DIRECT_OBJC_ISA_USAGE = YES_ERROR;
				CLANG_WARN_DOCUMENTATION_COMMENTS = YES;
				CLANG_WARN_EMPTY_BODY = YES;
				CLANG_WARN_ENUM_CONVERSION = YES;
				CLANG_WARN_INFINITE_RECURSION = YES;
				CLANG_WARN_INT_CONVERSION = YES;
				CLANG_WARN_NON_LITERAL_NULL_CONVERSION = YES;
				CLANG_WARN_OBJC_IMPLICIT_RETAIN_SELF = YES;
				CLANG_WARN_OBJC_LITERAL_CONVERSION = YES;
				CLANG_WARN_OBJC_ROOT_CLASS = YES_ERROR;
				CLANG_WARN_QUOTED_INCLUDE_IN_FRAMEWORK_HEADER = YES;
				CLANG_WARN_RANGE_LOOP_ANALYSIS = YES;
				CLANG_WARN_STRICT_PROTOTYPES = YES;
				CLANG_WARN_SUSPICIOUS_MOVE = YES;
				CLANG_WARN_UNGUARDED_AVAILABILITY = YES_AGGRESSIVE;
				CLANG_WARN_UNREACHABLE_CODE = YES;
				CLANG_WARN__DUPLICATE_METHOD_MATCH = YES;
				COPY_PHASE_STRIP = NO;
				DEBUG_INFORMATION_FORMAT = "dwarf-with-dsym";
				ENABLE_NS_ASSERTIONS = NO;
				ENABLE_STRICT_OBJC_MSGSEND = YES;
				ENABLE_USER_SCRIPT_SANDBOXING = YES;
				GCC_C_LANGUAGE_STANDARD = gnu17;
				GCC_NO_COMMON_BLOCKS = YES;
				GCC_WARN_64_TO_32_BIT_CONVERSION = YES;
				GCC_WARN_ABOUT_RETURN_TYPE = YES_ERROR;
				GCC_WARN_UNDECLARED_SELECTOR = YES;
				GCC_WARN_UNINITIALIZED_AUTOS = YES_AGGRESSIVE;
				GCC_WARN_UNUSED_FUNCTION = YES;
				GCC_WARN_UNUSED_VARIABLE = YES;
				IPHONEOS_DEPLOYMENT_TARGET = 17.2;
				LOCALIZATION_PREFERS_STRING_CATALOGS = YES;
				MTL_ENABLE_DEBUG_INFO = NO;
				MTL_FAST_MATH = YES;
				SDKROOT = iphoneos;
				SWIFT_COMPILATION_MODE = wholemodule;
				VALIDATE_PRODUCT = YES;
			};
			name = Release;
		};
		EFD5FFCB2BFC7E6C0013B2DA /* Debug */ = {
			isa = XCBuildConfiguration;
			buildSettings = {
				ASSETCATALOG_COMPILER_APPICON_NAME = AppIcon;
				ASSETCATALOG_COMPILER_GLOBAL_ACCENT_COLOR_NAME = AccentColor;
				CODE_SIGN_STYLE = Automatic;
				CURRENT_PROJECT_VERSION = 1;
				DEVELOPMENT_ASSET_PATHS = "\"SwiftUIToolTipDemo/Preview Content\"";
				DEVELOPMENT_TEAM = JA868URLCA;
				ENABLE_PREVIEWS = YES;
				GENERATE_INFOPLIST_FILE = YES;
				INFOPLIST_KEY_UIApplicationSceneManifest_Generation = YES;
				INFOPLIST_KEY_UIApplicationSupportsIndirectInputEvents = YES;
				INFOPLIST_KEY_UILaunchScreen_Generation = YES;
				INFOPLIST_KEY_UISupportedInterfaceOrientations_iPad = "UIInterfaceOrientationPortrait UIInterfaceOrientationPortraitUpsideDown UIInterfaceOrientationLandscapeLeft UIInterfaceOrientationLandscapeRight";
				INFOPLIST_KEY_UISupportedInterfaceOrientations_iPhone = "UIInterfaceOrientationPortrait UIInterfaceOrientationLandscapeLeft UIInterfaceOrientationLandscapeRight";
				LD_RUNPATH_SEARCH_PATHS = (
					"$(inherited)",
					"@executable_path/Frameworks",
				);
				MARKETING_VERSION = 1.0;
				PRODUCT_BUNDLE_IDENTIFIER = com.SimSangGab.SwiftUIToolTipDemo;
				PRODUCT_NAME = "$(TARGET_NAME)";
				SWIFT_EMIT_LOC_STRINGS = YES;
				SWIFT_VERSION = 5.0;
				TARGETED_DEVICE_FAMILY = "1,2";
			};
			name = Debug;
		};
		EFD5FFCC2BFC7E6C0013B2DA /* Release */ = {
			isa = XCBuildConfiguration;
			buildSettings = {
				ASSETCATALOG_COMPILER_APPICON_NAME = AppIcon;
				ASSETCATALOG_COMPILER_GLOBAL_ACCENT_COLOR_NAME = AccentColor;
				CODE_SIGN_STYLE = Automatic;
				CURRENT_PROJECT_VERSION = 1;
				DEVELOPMENT_ASSET_PATHS = "\"SwiftUIToolTipDemo/Preview Content\"";
				DEVELOPMENT_TEAM = JA868URLCA;
				ENABLE_PREVIEWS = YES;
				GENERATE_INFOPLIST_FILE = YES;
				INFOPLIST_KEY_UIApplicationSceneManifest_Generation = YES;
				INFOPLIST_KEY_UIApplicationSupportsIndirectInputEvents = YES;
				INFOPLIST_KEY_UILaunchScreen_Generation = YES;
				INFOPLIST_KEY_UISupportedInterfaceOrientations_iPad = "UIInterfaceOrientationPortrait UIInterfaceOrientationPortraitUpsideDown UIInterfaceOrientationLandscapeLeft UIInterfaceOrientationLandscapeRight";
				INFOPLIST_KEY_UISupportedInterfaceOrientations_iPhone = "UIInterfaceOrientationPortrait UIInterfaceOrientationLandscapeLeft UIInterfaceOrientationLandscapeRight";
				LD_RUNPATH_SEARCH_PATHS = (
					"$(inherited)",
					"@executable_path/Frameworks",
				);
				MARKETING_VERSION = 1.0;
				PRODUCT_BUNDLE_IDENTIFIER = com.SimSangGab.SwiftUIToolTipDemo;
				PRODUCT_NAME = "$(TARGET_NAME)";
				SWIFT_EMIT_LOC_STRINGS = YES;
				SWIFT_VERSION = 5.0;
				TARGETED_DEVICE_FAMILY = "1,2";
			};
			name = Release;
		};
		EFD5FFCE2BFC7E6C0013B2DA /* Debug */ = {
			isa = XCBuildConfiguration;
			buildSettings = {
				ALWAYS_EMBED_SWIFT_STANDARD_LIBRARIES = YES;
				BUNDLE_LOADER = "$(TEST_HOST)";
				CODE_SIGN_STYLE = Automatic;
				CURRENT_PROJECT_VERSION = 1;
				DEVELOPMENT_TEAM = JA868URLCA;
				GENERATE_INFOPLIST_FILE = YES;
				IPHONEOS_DEPLOYMENT_TARGET = 17.2;
				MARKETING_VERSION = 1.0;
				PRODUCT_BUNDLE_IDENTIFIER = com.SimSangGab.SwiftUIToolTipDemoTests;
				PRODUCT_NAME = "$(TARGET_NAME)";
				SWIFT_EMIT_LOC_STRINGS = NO;
				SWIFT_VERSION = 5.0;
				TARGETED_DEVICE_FAMILY = "1,2";
				TEST_HOST = "$(BUILT_PRODUCTS_DIR)/SwiftUIToolTipDemo.app/$(BUNDLE_EXECUTABLE_FOLDER_PATH)/SwiftUIToolTipDemo";
			};
			name = Debug;
		};
		EFD5FFCF2BFC7E6C0013B2DA /* Release */ = {
			isa = XCBuildConfiguration;
			buildSettings = {
				ALWAYS_EMBED_SWIFT_STANDARD_LIBRARIES = YES;
				BUNDLE_LOADER = "$(TEST_HOST)";
				CODE_SIGN_STYLE = Automatic;
				CURRENT_PROJECT_VERSION = 1;
				DEVELOPMENT_TEAM = JA868URLCA;
				GENERATE_INFOPLIST_FILE = YES;
				IPHONEOS_DEPLOYMENT_TARGET = 17.2;
				MARKETING_VERSION = 1.0;
				PRODUCT_BUNDLE_IDENTIFIER = com.SimSangGab.SwiftUIToolTipDemoTests;
				PRODUCT_NAME = "$(TARGET_NAME)";
				SWIFT_EMIT_LOC_STRINGS = NO;
				SWIFT_VERSION = 5.0;
				TARGETED_DEVICE_FAMILY = "1,2";
				TEST_HOST = "$(BUILT_PRODUCTS_DIR)/SwiftUIToolTipDemo.app/$(BUNDLE_EXECUTABLE_FOLDER_PATH)/SwiftUIToolTipDemo";
			};
			name = Release;
		};
		EFD5FFD12BFC7E6C0013B2DA /* Debug */ = {
			isa = XCBuildConfiguration;
			buildSettings = {
				ALWAYS_EMBED_SWIFT_STANDARD_LIBRARIES = YES;
				CODE_SIGN_STYLE = Automatic;
				CURRENT_PROJECT_VERSION = 1;
				DEVELOPMENT_TEAM = JA868URLCA;
				GENERATE_INFOPLIST_FILE = YES;
				MARKETING_VERSION = 1.0;
				PRODUCT_BUNDLE_IDENTIFIER = com.SimSangGab.SwiftUIToolTipDemoUITests;
				PRODUCT_NAME = "$(TARGET_NAME)";
				SWIFT_EMIT_LOC_STRINGS = NO;
				SWIFT_VERSION = 5.0;
				TARGETED_DEVICE_FAMILY = "1,2";
				TEST_TARGET_NAME = SwiftUIToolTipDemo;
			};
			name = Debug;
		};
		EFD5FFD22BFC7E6C0013B2DA /* Release */ = {
			isa = XCBuildConfiguration;
			buildSettings = {
				ALWAYS_EMBED_SWIFT_STANDARD_LIBRARIES = YES;
				CODE_SIGN_STYLE = Automatic;
				CURRENT_PROJECT_VERSION = 1;
				DEVELOPMENT_TEAM = JA868URLCA;
				GENERATE_INFOPLIST_FILE = YES;
				MARKETING_VERSION = 1.0;
				PRODUCT_BUNDLE_IDENTIFIER = com.SimSangGab.SwiftUIToolTipDemoUITests;
				PRODUCT_NAME = "$(TARGET_NAME)";
				SWIFT_EMIT_LOC_STRINGS = NO;
				SWIFT_VERSION = 5.0;
				TARGETED_DEVICE_FAMILY = "1,2";
				TEST_TARGET_NAME = SwiftUIToolTipDemo;
			};
			name = Release;
		};
/* End XCBuildConfiguration section */

/* Begin XCConfigurationList section */
		EFD5FFA12BFC7E6A0013B2DA /* Build configuration list for PBXProject "SwiftUIToolTipDemo" */ = {
			isa = XCConfigurationList;
			buildConfigurations = (
				EFD5FFC82BFC7E6C0013B2DA /* Debug */,
				EFD5FFC92BFC7E6C0013B2DA /* Release */,
			);
			defaultConfigurationIsVisible = 0;
			defaultConfigurationName = Release;
		};
		EFD5FFCA2BFC7E6C0013B2DA /* Build configuration list for PBXNativeTarget "SwiftUIToolTipDemo" */ = {
			isa = XCConfigurationList;
			buildConfigurations = (
				EFD5FFCB2BFC7E6C0013B2DA /* Debug */,
				EFD5FFCC2BFC7E6C0013B2DA /* Release */,
			);
			defaultConfigurationIsVisible = 0;
			defaultConfigurationName = Release;
		};
		EFD5FFCD2BFC7E6C0013B2DA /* Build configuration list for PBXNativeTarget "SwiftUIToolTipDemoTests" */ = {
			isa = XCConfigurationList;
			buildConfigurations = (
				EFD5FFCE2BFC7E6C0013B2DA /* Debug */,
				EFD5FFCF2BFC7E6C0013B2DA /* Release */,
			);
			defaultConfigurationIsVisible = 0;
			defaultConfigurationName = Release;
		};
		EFD5FFD02BFC7E6C0013B2DA /* Build configuration list for PBXNativeTarget "SwiftUIToolTipDemoUITests" */ = {
			isa = XCConfigurationList;
			buildConfigurations = (
				EFD5FFD12BFC7E6C0013B2DA /* Debug */,
				EFD5FFD22BFC7E6C0013B2DA /* Release */,
			);
			defaultConfigurationIsVisible = 0;
			defaultConfigurationName = Release;
		};
/* End XCConfigurationList section */
	};
	rootObject = EFD5FF9E2BFC7E6A0013B2DA /* Project object */;
}
